// !$*UTF8*$!
{
	archiveVersion = 1;
	classes = {
	};
	objectVersion = 77;
	objects = {

/* Begin PBXContainerItemProxy section */
		AD268B202CA5D0DC004973CA /* PBXContainerItemProxy */ = {
			isa = PBXContainerItemProxy;
			containerPortal = AD268B072CA5D0DB004973CA /* Project object */;
			proxyType = 1;
			remoteGlobalIDString = AD268B0E2CA5D0DB004973CA;
			remoteInfo = FitFinder;
		};
		AD268B2A2CA5D0DC004973CA /* PBXContainerItemProxy */ = {
			isa = PBXContainerItemProxy;
			containerPortal = AD268B072CA5D0DB004973CA /* Project object */;
			proxyType = 1;
			remoteGlobalIDString = AD268B0E2CA5D0DB004973CA;
			remoteInfo = FitFinder;
		};
/* End PBXContainerItemProxy section */

/* Begin PBXFileReference section */
		AD268B0F2CA5D0DB004973CA /* FitFinder.app */ = {isa = PBXFileReference; explicitFileType = wrapper.application; includeInIndex = 0; path = FitFinder.app; sourceTree = BUILT_PRODUCTS_DIR; };
		AD268B1F2CA5D0DC004973CA /* FitFinderTests.xctest */ = {isa = PBXFileReference; explicitFileType = wrapper.cfbundle; includeInIndex = 0; path = FitFinderTests.xctest; sourceTree = BUILT_PRODUCTS_DIR; };
		AD268B292CA5D0DC004973CA /* FitFinderUITests.xctest */ = {isa = PBXFileReference; explicitFileType = wrapper.cfbundle; includeInIndex = 0; path = FitFinderUITests.xctest; sourceTree = BUILT_PRODUCTS_DIR; };
/* End PBXFileReference section */

/* Begin PBXFileSystemSynchronizedRootGroup section */
		AD268B112CA5D0DB004973CA /* FitFinder */ = {
			isa = PBXFileSystemSynchronizedRootGroup;
			path = FitFinder;
			sourceTree = "<group>";
		};
		AD268B222CA5D0DC004973CA /* FitFinderTests */ = {
			isa = PBXFileSystemSynchronizedRootGroup;
			path = FitFinderTests;
			sourceTree = "<group>";
		};
		AD268B2C2CA5D0DC004973CA /* FitFinderUITests */ = {
			isa = PBXFileSystemSynchronizedRootGroup;
			path = FitFinderUITests;
			sourceTree = "<group>";
		};
/* End PBXFileSystemSynchronizedRootGroup section */

/* Begin PBXFrameworksBuildPhase section */
		AD268B0C2CA5D0DB004973CA /* Frameworks */ = {
			isa = PBXFrameworksBuildPhase;
			buildActionMask = 2147483647;
			files = (
			);
			runOnlyForDeploymentPostprocessing = 0;
		};
		AD268B1C2CA5D0DC004973CA /* Frameworks */ = {
			isa = PBXFrameworksBuildPhase;
			buildActionMask = 2147483647;
			files = (
			);
			runOnlyForDeploymentPostprocessing = 0;
		};
		AD268B262CA5D0DC004973CA /* Frameworks */ = {
			isa = PBXFrameworksBuildPhase;
			buildActionMask = 2147483647;
			files = (
			);
			runOnlyForDeploymentPostprocessing = 0;
		};
/* End PBXFrameworksBuildPhase section */

/* Begin PBXGroup section */
		AD268B062CA5D0DB004973CA = {
			isa = PBXGroup;
			children = (
				AD268B112CA5D0DB004973CA /* FitFinder */,
				AD268B222CA5D0DC004973CA /* FitFinderTests */,
				AD268B2C2CA5D0DC004973CA /* FitFinderUITests */,
				AD268B102CA5D0DB004973CA /* Products */,
			);
			sourceTree = "<group>";
		};
		AD268B102CA5D0DB004973CA /* Products */ = {
			isa = PBXGroup;
			children = (
				AD268B0F2CA5D0DB004973CA /* FitFinder.app */,
				AD268B1F2CA5D0DC004973CA /* FitFinderTests.xctest */,
				AD268B292CA5D0DC004973CA /* FitFinderUITests.xctest */,
			);
			name = Products;
			sourceTree = "<group>";
		};
/* End PBXGroup section */

/* Begin PBXNativeTarget section */
		AD268B0E2CA5D0DB004973CA /* FitFinder */ = {
			isa = PBXNativeTarget;
			buildConfigurationList = AD268B332CA5D0DC004973CA /* Build configuration list for PBXNativeTarget "FitFinder" */;
			buildPhases = (
				AD268B0B2CA5D0DB004973CA /* Sources */,
				AD268B0C2CA5D0DB004973CA /* Frameworks */,
				AD268B0D2CA5D0DB004973CA /* Resources */,
			);
			buildRules = (
			);
			dependencies = (
			);
			fileSystemSynchronizedGroups = (
				AD268B112CA5D0DB004973CA /* FitFinder */,
			);
			name = FitFinder;
			packageProductDependencies = (
			);
			productName = FitFinder;
			productReference = AD268B0F2CA5D0DB004973CA /* FitFinder.app */;
			productType = "com.apple.product-type.application";
		};
		AD268B1E2CA5D0DC004973CA /* FitFinderTests */ = {
			isa = PBXNativeTarget;
			buildConfigurationList = AD268B362CA5D0DC004973CA /* Build configuration list for PBXNativeTarget "FitFinderTests" */;
			buildPhases = (
				AD268B1B2CA5D0DC004973CA /* Sources */,
				AD268B1C2CA5D0DC004973CA /* Frameworks */,
				AD268B1D2CA5D0DC004973CA /* Resources */,
			);
			buildRules = (
			);
			dependencies = (
				AD268B212CA5D0DC004973CA /* PBXTargetDependency */,
			);
			fileSystemSynchronizedGroups = (
				AD268B222CA5D0DC004973CA /* FitFinderTests */,
			);
			name = FitFinderTests;
			packageProductDependencies = (
			);
			productName = FitFinderTests;
			productReference = AD268B1F2CA5D0DC004973CA /* FitFinderTests.xctest */;
			productType = "com.apple.product-type.bundle.unit-test";
		};
		AD268B282CA5D0DC004973CA /* FitFinderUITests */ = {
			isa = PBXNativeTarget;
			buildConfigurationList = AD268B392CA5D0DC004973CA /* Build configuration list for PBXNativeTarget "FitFinderUITests" */;
			buildPhases = (
				AD268B252CA5D0DC004973CA /* Sources */,
				AD268B262CA5D0DC004973CA /* Frameworks */,
				AD268B272CA5D0DC004973CA /* Resources */,
			);
			buildRules = (
			);
			dependencies = (
				AD268B2B2CA5D0DC004973CA /* PBXTargetDependency */,
			);
			fileSystemSynchronizedGroups = (
				AD268B2C2CA5D0DC004973CA /* FitFinderUITests */,
			);
			name = FitFinderUITests;
			packageProductDependencies = (
			);
			productName = FitFinderUITests;
			productReference = AD268B292CA5D0DC004973CA /* FitFinderUITests.xctest */;
			productType = "com.apple.product-type.bundle.ui-testing";
		};
/* End PBXNativeTarget section */

/* Begin PBXProject section */
		AD268B072CA5D0DB004973CA /* Project object */ = {
			isa = PBXProject;
			attributes = {
				BuildIndependentTargetsInParallel = 1;
				LastSwiftUpdateCheck = 1600;
				LastUpgradeCheck = 1600;
				TargetAttributes = {
					AD268B0E2CA5D0DB004973CA = {
						CreatedOnToolsVersion = 16.0;
					};
					AD268B1E2CA5D0DC004973CA = {
						CreatedOnToolsVersion = 16.0;
						TestTargetID = AD268B0E2CA5D0DB004973CA;
					};
					AD268B282CA5D0DC004973CA = {
						CreatedOnToolsVersion = 16.0;
						TestTargetID = AD268B0E2CA5D0DB004973CA;
					};
				};
			};
			buildConfigurationList = AD268B0A2CA5D0DB004973CA /* Build configuration list for PBXProject "FitFinder" */;
			developmentRegion = en;
			hasScannedForEncodings = 0;
			knownRegions = (
				en,
				Base,
			);
			mainGroup = AD268B062CA5D0DB004973CA;
			minimizedProjectReferenceProxies = 1;
			preferredProjectObjectVersion = 77;
			productRefGroup = AD268B102CA5D0DB004973CA /* Products */;
			projectDirPath = "";
			projectRoot = "";
			targets = (
				AD268B0E2CA5D0DB004973CA /* FitFinder */,
				AD268B1E2CA5D0DC004973CA /* FitFinderTests */,
				AD268B282CA5D0DC004973CA /* FitFinderUITests */,
			);
		};
/* End PBXProject section */

/* Begin PBXResourcesBuildPhase section */
		AD268B0D2CA5D0DB004973CA /* Resources */ = {
			isa = PBXResourcesBuildPhase;
			buildActionMask = 2147483647;
			files = (
			);
			runOnlyForDeploymentPostprocessing = 0;
		};
		AD268B1D2CA5D0DC004973CA /* Resources */ = {
			isa = PBXResourcesBuildPhase;
			buildActionMask = 2147483647;
			files = (
			);
			runOnlyForDeploymentPostprocessing = 0;
		};
		AD268B272CA5D0DC004973CA /* Resources */ = {
			isa = PBXResourcesBuildPhase;
			buildActionMask = 2147483647;
			files = (
			);
			runOnlyForDeploymentPostprocessing = 0;
		};
/* End PBXResourcesBuildPhase section */

/* Begin PBXSourcesBuildPhase section */
		AD268B0B2CA5D0DB004973CA /* Sources */ = {
			isa = PBXSourcesBuildPhase;
			buildActionMask = 2147483647;
			files = (
			);
			runOnlyForDeploymentPostprocessing = 0;
		};
		AD268B1B2CA5D0DC004973CA /* Sources */ = {
			isa = PBXSourcesBuildPhase;
			buildActionMask = 2147483647;
			files = (
			);
			runOnlyForDeploymentPostprocessing = 0;
		};
		AD268B252CA5D0DC004973CA /* Sources */ = {
			isa = PBXSourcesBuildPhase;
			buildActionMask = 2147483647;
			files = (
			);
			runOnlyForDeploymentPostprocessing = 0;
		};
/* End PBXSourcesBuildPhase section */

/* Begin PBXTargetDependency section */
		AD268B212CA5D0DC004973CA /* PBXTargetDependency */ = {
			isa = PBXTargetDependency;
			target = AD268B0E2CA5D0DB004973CA /* FitFinder */;
			targetProxy = AD268B202CA5D0DC004973CA /* PBXContainerItemProxy */;
		};
		AD268B2B2CA5D0DC004973CA /* PBXTargetDependency */ = {
			isa = PBXTargetDependency;
			target = AD268B0E2CA5D0DB004973CA /* FitFinder */;
			targetProxy = AD268B2A2CA5D0DC004973CA /* PBXContainerItemProxy */;
		};
/* End PBXTargetDependency section */

/* Begin XCBuildConfiguration section */
		AD268B312CA5D0DC004973CA /* Debug */ = {
			isa = XCBuildConfiguration;
			buildSettings = {
				ALWAYS_SEARCH_USER_PATHS = NO;
				ASSETCATALOG_COMPILER_GENERATE_SWIFT_ASSET_SYMBOL_EXTENSIONS = YES;
				CLANG_ANALYZER_NONNULL = YES;
				CLANG_ANALYZER_NUMBER_OBJECT_CONVERSION = YES_AGGRESSIVE;
				CLANG_CXX_LANGUAGE_STANDARD = "gnu++20";
				CLANG_ENABLE_MODULES = YES;
				CLANG_ENABLE_OBJC_ARC = YES;
				CLANG_ENABLE_OBJC_WEAK = YES;
				CLANG_WARN_BLOCK_CAPTURE_AUTORELEASING = YES;
				CLANG_WARN_BOOL_CONVERSION = YES;
				CLANG_WARN_COMMA = YES;
				CLANG_WARN_CONSTANT_CONVERSION = YES;
				CLANG_WARN_DEPRECATED_OBJC_IMPLEMENTATIONS = YES;
				CLANG_WARN_DIRECT_OBJC_ISA_USAGE = YES_ERROR;
				CLANG_WARN_DOCUMENTATION_COMMENTS = YES;
				CLANG_WARN_EMPTY_BODY = YES;
				CLANG_WARN_ENUM_CONVERSION = YES;
				CLANG_WARN_INFINITE_RECURSION = YES;
				CLANG_WARN_INT_CONVERSION = YES;
				CLANG_WARN_NON_LITERAL_NULL_CONVERSION = YES;
				CLANG_WARN_OBJC_IMPLICIT_RETAIN_SELF = YES;
				CLANG_WARN_OBJC_LITERAL_CONVERSION = YES;
				CLANG_WARN_OBJC_ROOT_CLASS = YES_ERROR;
				CLANG_WARN_QUOTED_INCLUDE_IN_FRAMEWORK_HEADER = YES;
				CLANG_WARN_RANGE_LOOP_ANALYSIS = YES;
				CLANG_WARN_STRICT_PROTOTYPES = YES;
				CLANG_WARN_SUSPICIOUS_MOVE = YES;
				CLANG_WARN_UNGUARDED_AVAILABILITY = YES_AGGRESSIVE;
				CLANG_WARN_UNREACHABLE_CODE = YES;
				CLANG_WARN__DUPLICATE_METHOD_MATCH = YES;
				COPY_PHASE_STRIP = NO;
				DEBUG_INFORMATION_FORMAT = dwarf;
				ENABLE_STRICT_OBJC_MSGSEND = YES;
				ENABLE_TESTABILITY = YES;
				ENABLE_USER_SCRIPT_SANDBOXING = YES;
				GCC_C_LANGUAGE_STANDARD = gnu17;
				GCC_DYNAMIC_NO_PIC = NO;
				GCC_NO_COMMON_BLOCKS = YES;
				GCC_OPTIMIZATION_LEVEL = 0;
				GCC_PREPROCESSOR_DEFINITIONS = (
					"DEBUG=1",
					"$(inherited)",
				);
				GCC_WARN_64_TO_32_BIT_CONVERSION = YES;
				GCC_WARN_ABOUT_RETURN_TYPE = YES_ERROR;
				GCC_WARN_UNDECLARED_SELECTOR = YES;
				GCC_WARN_UNINITIALIZED_AUTOS = YES_AGGRESSIVE;
				GCC_WARN_UNUSED_FUNCTION = YES;
				GCC_WARN_UNUSED_VARIABLE = YES;
				IPHONEOS_DEPLOYMENT_TARGET = 18.0;
				LOCALIZATION_PREFERS_STRING_CATALOGS = YES;
				MTL_ENABLE_DEBUG_INFO = INCLUDE_SOURCE;
				MTL_FAST_MATH = YES;
				ONLY_ACTIVE_ARCH = YES;
				SDKROOT = iphoneos;
				SWIFT_ACTIVE_COMPILATION_CONDITIONS = "DEBUG $(inherited)";
				SWIFT_OPTIMIZATION_LEVEL = "-Onone";
			};
			name = Debug;
		};
		AD268B322CA5D0DC004973CA /* Release */ = {
			isa = XCBuildConfiguration;
			buildSettings = {
				ALWAYS_SEARCH_USER_PATHS = NO;
				ASSETCATALOG_COMPILER_GENERATE_SWIFT_ASSET_SYMBOL_EXTENSIONS = YES;
				CLANG_ANALYZER_NONNULL = YES;
				CLANG_ANALYZER_NUMBER_OBJECT_CONVERSION = YES_AGGRESSIVE;
				CLANG_CXX_LANGUAGE_STANDARD = "gnu++20";
				CLANG_ENABLE_MODULES = YES;
				CLANG_ENABLE_OBJC_ARC = YES;
				CLANG_ENABLE_OBJC_WEAK = YES;
				CLANG_WARN_BLOCK_CAPTURE_AUTORELEASING = YES;
				CLANG_WARN_BOOL_CONVERSION = YES;
				CLANG_WARN_COMMA = YES;
				CLANG_WARN_CONSTANT_CONVERSION = YES;
				CLANG_WARN_DEPRECATED_OBJC_IMPLEMENTATIONS = YES;
				CLANG_WARN_DIRECT_OBJC_ISA_USAGE = YES_ERROR;
				CLANG_WARN_DOCUMENTATION_COMMENTS = YES;
				CLANG_WARN_EMPTY_BODY = YES;
				CLANG_WARN_ENUM_CONVERSION = YES;
				CLANG_WARN_INFINITE_RECURSION = YES;
				CLANG_WARN_INT_CONVERSION = YES;
				CLANG_WARN_NON_LITERAL_NULL_CONVERSION = YES;
				CLANG_WARN_OBJC_IMPLICIT_RETAIN_SELF = YES;
				CLANG_WARN_OBJC_LITERAL_CONVERSION = YES;
				CLANG_WARN_OBJC_ROOT_CLASS = YES_ERROR;
				CLANG_WARN_QUOTED_INCLUDE_IN_FRAMEWORK_HEADER = YES;
				CLANG_WARN_RANGE_LOOP_ANALYSIS = YES;
				CLANG_WARN_STRICT_PROTOTYPES = YES;
				CLANG_WARN_SUSPICIOUS_MOVE = YES;
				CLANG_WARN_UNGUARDED_AVAILABILITY = YES_AGGRESSIVE;
				CLANG_WARN_UNREACHABLE_CODE = YES;
				CLANG_WARN__DUPLICATE_METHOD_MATCH = YES;
				COPY_PHASE_STRIP = NO;
				DEBUG_INFORMATION_FORMAT = "dwarf-with-dsym";
				ENABLE_NS_ASSERTIONS = NO;
				ENABLE_STRICT_OBJC_MSGSEND = YES;
				ENABLE_USER_SCRIPT_SANDBOXING = YES;
				GCC_C_LANGUAGE_STANDARD = gnu17;
				GCC_NO_COMMON_BLOCKS = YES;
				GCC_WARN_64_TO_32_BIT_CONVERSION = YES;
				GCC_WARN_ABOUT_RETURN_TYPE = YES_ERROR;
				GCC_WARN_UNDECLARED_SELECTOR = YES;
				GCC_WARN_UNINITIALIZED_AUTOS = YES_AGGRESSIVE;
				GCC_WARN_UNUSED_FUNCTION = YES;
				GCC_WARN_UNUSED_VARIABLE = YES;
				IPHONEOS_DEPLOYMENT_TARGET = 18.0;
				LOCALIZATION_PREFERS_STRING_CATALOGS = YES;
				MTL_ENABLE_DEBUG_INFO = NO;
				MTL_FAST_MATH = YES;
				SDKROOT = iphoneos;
				SWIFT_COMPILATION_MODE = wholemodule;
				VALIDATE_PRODUCT = YES;
			};
			name = Release;
		};
		AD268B342CA5D0DC004973CA /* Debug */ = {
			isa = XCBuildConfiguration;
			buildSettings = {
				ASSETCATALOG_COMPILER_APPICON_NAME = AppIcon;
				ASSETCATALOG_COMPILER_GLOBAL_ACCENT_COLOR_NAME = AccentColor;
				CODE_SIGN_STYLE = Automatic;
				CURRENT_PROJECT_VERSION = 1;
				DEVELOPMENT_ASSET_PATHS = "\"FitFinder/Preview Content\"";
				DEVELOPMENT_TEAM = NGRG5GR5CU;
				ENABLE_PREVIEWS = YES;
				GENERATE_INFOPLIST_FILE = YES;
				INFOPLIST_KEY_UIApplicationSceneManifest_Generation = YES;
				INFOPLIST_KEY_UIApplicationSupportsIndirectInputEvents = YES;
				INFOPLIST_KEY_UILaunchScreen_Generation = YES;
				INFOPLIST_KEY_UISupportedInterfaceOrientations_iPad = "UIInterfaceOrientationPortrait UIInterfaceOrientationPortraitUpsideDown UIInterfaceOrientationLandscapeLeft UIInterfaceOrientationLandscapeRight";
				INFOPLIST_KEY_UISupportedInterfaceOrientations_iPhone = "UIInterfaceOrientationPortrait UIInterfaceOrientationLandscapeLeft UIInterfaceOrientationLandscapeRight";
				LD_RUNPATH_SEARCH_PATHS = (
					"$(inherited)",
					"@executable_path/Frameworks",
				);
				MARKETING_VERSION = 1.0;
				PRODUCT_BUNDLE_IDENTIFIER = "Lauren-McDonald.FitFinder";
				PRODUCT_NAME = "$(TARGET_NAME)";
				SWIFT_EMIT_LOC_STRINGS = YES;
				SWIFT_VERSION = 5.0;
				TARGETED_DEVICE_FAMILY = "1,2";
			};
			name = Debug;
		};
		AD268B352CA5D0DC004973CA /* Release */ = {
			isa = XCBuildConfiguration;
			buildSettings = {
				ASSETCATALOG_COMPILER_APPICON_NAME = AppIcon;
				ASSETCATALOG_COMPILER_GLOBAL_ACCENT_COLOR_NAME = AccentColor;
				CODE_SIGN_STYLE = Automatic;
				CURRENT_PROJECT_VERSION = 1;
				DEVELOPMENT_ASSET_PATHS = "\"FitFinder/Preview Content\"";
				DEVELOPMENT_TEAM = NGRG5GR5CU;
				ENABLE_PREVIEWS = YES;
				GENERATE_INFOPLIST_FILE = YES;
				INFOPLIST_KEY_UIApplicationSceneManifest_Generation = YES;
				INFOPLIST_KEY_UIApplicationSupportsIndirectInputEvents = YES;
				INFOPLIST_KEY_UILaunchScreen_Generation = YES;
				INFOPLIST_KEY_UISupportedInterfaceOrientations_iPad = "UIInterfaceOrientationPortrait UIInterfaceOrientationPortraitUpsideDown UIInterfaceOrientationLandscapeLeft UIInterfaceOrientationLandscapeRight";
				INFOPLIST_KEY_UISupportedInterfaceOrientations_iPhone = "UIInterfaceOrientationPortrait UIInterfaceOrientationLandscapeLeft UIInterfaceOrientationLandscapeRight";
				LD_RUNPATH_SEARCH_PATHS = (
					"$(inherited)",
					"@executable_path/Frameworks",
				);
				MARKETING_VERSION = 1.0;
				PRODUCT_BUNDLE_IDENTIFIER = "Lauren-McDonald.FitFinder";
				PRODUCT_NAME = "$(TARGET_NAME)";
				SWIFT_EMIT_LOC_STRINGS = YES;
				SWIFT_VERSION = 5.0;
				TARGETED_DEVICE_FAMILY = "1,2";
			};
			name = Release;
		};
		AD268B372CA5D0DC004973CA /* Debug */ = {
			isa = XCBuildConfiguration;
			buildSettings = {
				BUNDLE_LOADER = "$(TEST_HOST)";
				CODE_SIGN_STYLE = Automatic;
				CURRENT_PROJECT_VERSION = 1;
				GENERATE_INFOPLIST_FILE = YES;
				IPHONEOS_DEPLOYMENT_TARGET = 18.0;
				MARKETING_VERSION = 1.0;
				PRODUCT_BUNDLE_IDENTIFIER = "Lauren-McDonald.FitFinderTests";
				PRODUCT_NAME = "$(TARGET_NAME)";
				SWIFT_EMIT_LOC_STRINGS = NO;
				SWIFT_VERSION = 5.0;
				TARGETED_DEVICE_FAMILY = "1,2";
				TEST_HOST = "$(BUILT_PRODUCTS_DIR)/FitFinder.app/$(BUNDLE_EXECUTABLE_FOLDER_PATH)/FitFinder";
			};
			name = Debug;
		};
		AD268B382CA5D0DC004973CA /* Release */ = {
			isa = XCBuildConfiguration;
			buildSettings = {
				BUNDLE_LOADER = "$(TEST_HOST)";
				CODE_SIGN_STYLE = Automatic;
				CURRENT_PROJECT_VERSION = 1;
				GENERATE_INFOPLIST_FILE = YES;
				IPHONEOS_DEPLOYMENT_TARGET = 18.0;
				MARKETING_VERSION = 1.0;
				PRODUCT_BUNDLE_IDENTIFIER = "Lauren-McDonald.FitFinderTests";
				PRODUCT_NAME = "$(TARGET_NAME)";
				SWIFT_EMIT_LOC_STRINGS = NO;
				SWIFT_VERSION = 5.0;
				TARGETED_DEVICE_FAMILY = "1,2";
				TEST_HOST = "$(BUILT_PRODUCTS_DIR)/FitFinder.app/$(BUNDLE_EXECUTABLE_FOLDER_PATH)/FitFinder";
			};
			name = Release;
		};
		AD268B3A2CA5D0DC004973CA /* Debug */ = {
			isa = XCBuildConfiguration;
			buildSettings = {
				CODE_SIGN_STYLE = Automatic;
				CURRENT_PROJECT_VERSION = 1;
				GENERATE_INFOPLIST_FILE = YES;
				MARKETING_VERSION = 1.0;
				PRODUCT_BUNDLE_IDENTIFIER = "Lauren-McDonald.FitFinderUITests";
				PRODUCT_NAME = "$(TARGET_NAME)";
				SWIFT_EMIT_LOC_STRINGS = NO;
				SWIFT_VERSION = 5.0;
				TARGETED_DEVICE_FAMILY = "1,2";
				TEST_TARGET_NAME = FitFinder;
			};
			name = Debug;
		};
		AD268B3B2CA5D0DC004973CA /* Release */ = {
			isa = XCBuildConfiguration;
			buildSettings = {
				CODE_SIGN_STYLE = Automatic;
				CURRENT_PROJECT_VERSION = 1;
				GENERATE_INFOPLIST_FILE = YES;
				MARKETING_VERSION = 1.0;
				PRODUCT_BUNDLE_IDENTIFIER = "Lauren-McDonald.FitFinderUITests";
				PRODUCT_NAME = "$(TARGET_NAME)";
				SWIFT_EMIT_LOC_STRINGS = NO;
				SWIFT_VERSION = 5.0;
				TARGETED_DEVICE_FAMILY = "1,2";
				TEST_TARGET_NAME = FitFinder;
			};
			name = Release;
		};
/* End XCBuildConfiguration section */

/* Begin XCConfigurationList section */
		AD268B0A2CA5D0DB004973CA /* Build configuration list for PBXProject "FitFinder" */ = {
			isa = XCConfigurationList;
			buildConfigurations = (
				AD268B312CA5D0DC004973CA /* Debug */,
				AD268B322CA5D0DC004973CA /* Release */,
			);
			defaultConfigurationIsVisible = 0;
			defaultConfigurationName = Release;
		};
		AD268B332CA5D0DC004973CA /* Build configuration list for PBXNativeTarget "FitFinder" */ = {
			isa = XCConfigurationList;
			buildConfigurations = (
				AD268B342CA5D0DC004973CA /* Debug */,
				AD268B352CA5D0DC004973CA /* Release */,
			);
			defaultConfigurationIsVisible = 0;
			defaultConfigurationName = Release;
		};
		AD268B362CA5D0DC004973CA /* Build configuration list for PBXNativeTarget "FitFinderTests" */ = {
			isa = XCConfigurationList;
			buildConfigurations = (
				AD268B372CA5D0DC004973CA /* Debug */,
				AD268B382CA5D0DC004973CA /* Release */,
			);
			defaultConfigurationIsVisible = 0;
			defaultConfigurationName = Release;
		};
		AD268B392CA5D0DC004973CA /* Build configuration list for PBXNativeTarget "FitFinderUITests" */ = {
			isa = XCConfigurationList;
			buildConfigurations = (
				AD268B3A2CA5D0DC004973CA /* Debug */,
				AD268B3B2CA5D0DC004973CA /* Release */,
			);
			defaultConfigurationIsVisible = 0;
			defaultConfigurationName = Release;
		};
/* End XCConfigurationList section */
	};
	rootObject = AD268B072CA5D0DB004973CA /* Project object */;
}
